
Microsoft Visual Studio Solution File, Format Version 12.00
# Visual Studio 2013
VisualStudioVersion = 12.0.21005.1
MinimumVisualStudioVersion = 10.0.40219.1
Project("{FAE04EC0-301F-11D3-BF4B-00C04F79EFBC}") = "Exercise2", "Exercise2\Exercise2.csproj", "{45A6B36F-2434-4A09-BEF2-28B756AD6E6E}"
EndProject
Project("{FAE04EC0-301F-11D3-BF4B-00C04F79EFBC}") = "Spo12h.Progr2.Sessions.Jonathan", "Spo12h.Progr2.Sessions.Jonathan\Spo12h.Progr2.Sessions.Jonathan.csproj", "{A40A0EC2-B886-44C1-9DA0-AD0DDC397332}"
EndProject
Project("{FAE04EC0-301F-11D3-BF4B-00C04F79EFBC}") = "Spo12h.Progr2.Exercise1.Jontathan", "Spo12h.Progr2.Exercise1.Jontathan\Spo12h.Progr2.Exercise1.Jontathan.csproj", "{27CA8E4C-1B4C-4A37-82EB-350016AF79EB}"
EndProject
Project("{FAE04EC0-301F-11D3-BF4B-00C04F79EFBC}") = "Spo12h.Progr2.Sessions.Jonathan2", "Spo12h.Progr2.Sessions.Jonathan2\Spo12h.Progr2.Sessions.Jonathan2.csproj", "{F46C70B5-8363-418F-98EF-E49AA17101B1}"
EndProject
Project("{FAE04EC0-301F-11D3-BF4B-00C04F79EFBC}") = "Spo12h.Progr2.Exercise2.Jonathan", "Spo12h.Progr2.Exercise2.Jonathan\Spo12h.Progr2.Exercise2.Jonathan.csproj", "{721EFBDE-EB11-44F1-8B16-3BE9C5FC5E2D}"
EndProject
Project("{FAE04EC0-301F-11D3-BF4B-00C04F79EFBC}") = "Spo12h.Progr2.Exercises.Documents", "Spo12h.Progr2.Exercises.Documents\Spo12h.Progr2.Exercises.Documents.csproj", "{5A9F9A70-6262-49DF-BB0C-D20A72BEC236}"
EndProject
Project("{FAE04EC0-301F-11D3-BF4B-00C04F79EFBC}") = "Spo12h.Progr2.Exercise3A", "Spo12h.Progr2.Exercise3A\Spo12h.Progr2.Exercise3A.csproj", "{AD0539A2-5B72-4679-BC29-A72574EA8315}"
EndProject
Project("{FAE04EC0-301F-11D3-BF4B-00C04F79EFBC}") = "Spo12h.Progr2.Exercise5", "Spo12h.Progr2.Exercise5\Spo12h.Progr2.Exercise5.csproj", "{5BBC4DF1-6F28-4D5C-BA90-9653A4586524}"
EndProject
Project("{FAE04EC0-301F-11D3-BF4B-00C04F79EFBC}") = "Spo12h.Progr2.Slask", "Spo12h.Progr2.Slask\Spo12h.Progr2.Slask.csproj", "{249CB6E1-D325-49A0-8860-9B5797467CBC}"
EndProject
Project("{FAE04EC0-301F-11D3-BF4B-00C04F79EFBC}") = "Spo12h.Progr2.Exercise6", "Spo12h.Progr2.Exercise6\Spo12h.Progr2.Exercise6.csproj", "{FBEE6B3F-4B1A-48A3-8005-1627FB655CCE}"
EndProject
Project("{FAE04EC0-301F-11D3-BF4B-00C04F79EFBC}") = "Spo12h.Progr2.Exercise7", "Spo12h.Progr2.Exercise7\Spo12h.Progr2.Exercise7.csproj", "{1E447F5E-09D4-434D-8E97-D5624C5E4D4D}"
EndProject
Project("{FAE04EC0-301F-11D3-BF4B-00C04F79EFBC}") = "Spo12h.Progr2.Exercise10", "Spo12h.Progr2.Exercise10\Spo12h.Progr2.Exercise10.csproj", "{A7ED4D9E-60F0-4F31-8CC8-2C62265CFCB4}"
EndProject
Project("{FAE04EC0-301F-11D3-BF4B-00C04F79EFBC}") = "Spo12h.Progr2.Exercise8", "Spo12h.Progr2.Exercise8\Spo12h.Progr2.Exercise8.csproj", "{9A792DE5-99DE-4E12-BC69-0EC2CABC5110}"
EndProject
Project("{FAE04EC0-301F-11D3-BF4B-00C04F79EFBC}") = "Spo12h.Progr2.Exercise11", "Spo12h.Progr2.Exercise11\Spo12h.Progr2.Exercise11.csproj", "{BD1AA3D3-70DD-4A86-87FE-B7B8FFFD3616}"
EndProject
Project("{FAE04EC0-301F-11D3-BF4B-00C04F79EFBC}") = "Spo12h.Progr2.Exercise13", "Spo12h.Progr2.Exercise13\Spo12h.Progr2.Exercise13.csproj", "{2FAEDA21-1BDF-46CB-BE83-63DF1EA5C006}"
EndProject
Project("{FAE04EC0-301F-11D3-BF4B-00C04F79EFBC}") = "Spo12h.Progr2.Exercise10.Tests", "Spo12h.Progr2.Exercise10.Tests\Spo12h.Progr2.Exercise10.Tests.csproj", "{0987B729-9E4E-4114-9C96-E4B0C45D214E}"
EndProject
Project("{FAE04EC0-301F-11D3-BF4B-00C04F79EFBC}") = "Spo12h.Progr2.Exercise15", "Spo12h.Progr2.Exercise15\Spo12h.Progr2.Exercise15.csproj", "{87A5CE94-E14F-43D8-953E-EC6DD39A5239}"
EndProject
Project("{FAE04EC0-301F-11D3-BF4B-00C04F79EFBC}") = "Spo12h.Progr2-2.Exercise2", "Spo12h.Progr2-2.Exercise2\Spo12h.Progr2-2.Exercise2.csproj", "{736AA664-17F6-4DB2-836F-07AA0DB047A0}"
EndProject
Project("{FAE04EC0-301F-11D3-BF4B-00C04F79EFBC}") = "Spo12g.Progr2-2.Exercise.Dictionaries", "Spo12g.Progr2-2.Exercise.Dictionaries\Spo12g.Progr2-2.Exercise.Dictionaries.csproj", "{07BB8938-C345-4F8A-A7CD-97F270FAF0A0}"
EndProject
Global
	GlobalSection(SolutionConfigurationPlatforms) = preSolution
		Debug|Any CPU = Debug|Any CPU
		Release|Any CPU = Release|Any CPU
	EndGlobalSection
	GlobalSection(ProjectConfigurationPlatforms) = postSolution
		{45A6B36F-2434-4A09-BEF2-28B756AD6E6E}.Debug|Any CPU.ActiveCfg = Debug|Any CPU
		{45A6B36F-2434-4A09-BEF2-28B756AD6E6E}.Debug|Any CPU.Build.0 = Debug|Any CPU
		{45A6B36F-2434-4A09-BEF2-28B756AD6E6E}.Release|Any CPU.ActiveCfg = Release|Any CPU
		{45A6B36F-2434-4A09-BEF2-28B756AD6E6E}.Release|Any CPU.Build.0 = Release|Any CPU
		{A40A0EC2-B886-44C1-9DA0-AD0DDC397332}.Debug|Any CPU.ActiveCfg = Debug|Any CPU
		{A40A0EC2-B886-44C1-9DA0-AD0DDC397332}.Debug|Any CPU.Build.0 = Debug|Any CPU
		{A40A0EC2-B886-44C1-9DA0-AD0DDC397332}.Release|Any CPU.ActiveCfg = Release|Any CPU
		{A40A0EC2-B886-44C1-9DA0-AD0DDC397332}.Release|Any CPU.Build.0 = Release|Any CPU
		{27CA8E4C-1B4C-4A37-82EB-350016AF79EB}.Debug|Any CPU.ActiveCfg = Debug|Any CPU
		{27CA8E4C-1B4C-4A37-82EB-350016AF79EB}.Debug|Any CPU.Build.0 = Debug|Any CPU
		{27CA8E4C-1B4C-4A37-82EB-350016AF79EB}.Release|Any CPU.ActiveCfg = Release|Any CPU
		{27CA8E4C-1B4C-4A37-82EB-350016AF79EB}.Release|Any CPU.Build.0 = Release|Any CPU
		{F46C70B5-8363-418F-98EF-E49AA17101B1}.Debug|Any CPU.ActiveCfg = Debug|Any CPU
		{F46C70B5-8363-418F-98EF-E49AA17101B1}.Debug|Any CPU.Build.0 = Debug|Any CPU
		{F46C70B5-8363-418F-98EF-E49AA17101B1}.Release|Any CPU.ActiveCfg = Release|Any CPU
		{F46C70B5-8363-418F-98EF-E49AA17101B1}.Release|Any CPU.Build.0 = Release|Any CPU
		{721EFBDE-EB11-44F1-8B16-3BE9C5FC5E2D}.Debug|Any CPU.ActiveCfg = Debug|Any CPU
		{721EFBDE-EB11-44F1-8B16-3BE9C5FC5E2D}.Debug|Any CPU.Build.0 = Debug|Any CPU
		{721EFBDE-EB11-44F1-8B16-3BE9C5FC5E2D}.Release|Any CPU.ActiveCfg = Release|Any CPU
		{721EFBDE-EB11-44F1-8B16-3BE9C5FC5E2D}.Release|Any CPU.Build.0 = Release|Any CPU
		{5A9F9A70-6262-49DF-BB0C-D20A72BEC236}.Debug|Any CPU.ActiveCfg = Debug|Any CPU
		{5A9F9A70-6262-49DF-BB0C-D20A72BEC236}.Debug|Any CPU.Build.0 = Debug|Any CPU
		{5A9F9A70-6262-49DF-BB0C-D20A72BEC236}.Release|Any CPU.ActiveCfg = Release|Any CPU
		{5A9F9A70-6262-49DF-BB0C-D20A72BEC236}.Release|Any CPU.Build.0 = Release|Any CPU
		{AD0539A2-5B72-4679-BC29-A72574EA8315}.Debug|Any CPU.ActiveCfg = Debug|Any CPU
		{AD0539A2-5B72-4679-BC29-A72574EA8315}.Debug|Any CPU.Build.0 = Debug|Any CPU
		{AD0539A2-5B72-4679-BC29-A72574EA8315}.Release|Any CPU.ActiveCfg = Release|Any CPU
		{AD0539A2-5B72-4679-BC29-A72574EA8315}.Release|Any CPU.Build.0 = Release|Any CPU
		{5BBC4DF1-6F28-4D5C-BA90-9653A4586524}.Debug|Any CPU.ActiveCfg = Debug|Any CPU
		{5BBC4DF1-6F28-4D5C-BA90-9653A4586524}.Debug|Any CPU.Build.0 = Debug|Any CPU
		{5BBC4DF1-6F28-4D5C-BA90-9653A4586524}.Release|Any CPU.ActiveCfg = Release|Any CPU
		{5BBC4DF1-6F28-4D5C-BA90-9653A4586524}.Release|Any CPU.Build.0 = Release|Any CPU
		{249CB6E1-D325-49A0-8860-9B5797467CBC}.Debug|Any CPU.ActiveCfg = Debug|Any CPU
		{249CB6E1-D325-49A0-8860-9B5797467CBC}.Debug|Any CPU.Build.0 = Debug|Any CPU
		{249CB6E1-D325-49A0-8860-9B5797467CBC}.Release|Any CPU.ActiveCfg = Release|Any CPU
		{249CB6E1-D325-49A0-8860-9B5797467CBC}.Release|Any CPU.Build.0 = Release|Any CPU
		{FBEE6B3F-4B1A-48A3-8005-1627FB655CCE}.Debug|Any CPU.ActiveCfg = Debug|Any CPU
		{FBEE6B3F-4B1A-48A3-8005-1627FB655CCE}.Debug|Any CPU.Build.0 = Debug|Any CPU
		{FBEE6B3F-4B1A-48A3-8005-1627FB655CCE}.Release|Any CPU.ActiveCfg = Release|Any CPU
		{FBEE6B3F-4B1A-48A3-8005-1627FB655CCE}.Release|Any CPU.Build.0 = Release|Any CPU
		{1E447F5E-09D4-434D-8E97-D5624C5E4D4D}.Debug|Any CPU.ActiveCfg = Debug|Any CPU
		{1E447F5E-09D4-434D-8E97-D5624C5E4D4D}.Debug|Any CPU.Build.0 = Debug|Any CPU
		{1E447F5E-09D4-434D-8E97-D5624C5E4D4D}.Release|Any CPU.ActiveCfg = Release|Any CPU
		{1E447F5E-09D4-434D-8E97-D5624C5E4D4D}.Release|Any CPU.Build.0 = Release|Any CPU
		{A7ED4D9E-60F0-4F31-8CC8-2C62265CFCB4}.Debug|Any CPU.ActiveCfg = Debug|Any CPU
		{A7ED4D9E-60F0-4F31-8CC8-2C62265CFCB4}.Debug|Any CPU.Build.0 = Debug|Any CPU
		{A7ED4D9E-60F0-4F31-8CC8-2C62265CFCB4}.Release|Any CPU.ActiveCfg = Release|Any CPU
		{A7ED4D9E-60F0-4F31-8CC8-2C62265CFCB4}.Release|Any CPU.Build.0 = Release|Any CPU
		{9A792DE5-99DE-4E12-BC69-0EC2CABC5110}.Debug|Any CPU.ActiveCfg = Debug|Any CPU
		{9A792DE5-99DE-4E12-BC69-0EC2CABC5110}.Debug|Any CPU.Build.0 = Debug|Any CPU
		{9A792DE5-99DE-4E12-BC69-0EC2CABC5110}.Release|Any CPU.ActiveCfg = Release|Any CPU
		{9A792DE5-99DE-4E12-BC69-0EC2CABC5110}.Release|Any CPU.Build.0 = Release|Any CPU
		{BD1AA3D3-70DD-4A86-87FE-B7B8FFFD3616}.Debug|Any CPU.ActiveCfg = Debug|Any CPU
		{BD1AA3D3-70DD-4A86-87FE-B7B8FFFD3616}.Debug|Any CPU.Build.0 = Debug|Any CPU
		{BD1AA3D3-70DD-4A86-87FE-B7B8FFFD3616}.Release|Any CPU.ActiveCfg = Release|Any CPU
		{BD1AA3D3-70DD-4A86-87FE-B7B8FFFD3616}.Release|Any CPU.Build.0 = Release|Any CPU
		{2FAEDA21-1BDF-46CB-BE83-63DF1EA5C006}.Debug|Any CPU.ActiveCfg = Debug|Any CPU
		{2FAEDA21-1BDF-46CB-BE83-63DF1EA5C006}.Debug|Any CPU.Build.0 = Debug|Any CPU
		{2FAEDA21-1BDF-46CB-BE83-63DF1EA5C006}.Release|Any CPU.ActiveCfg = Release|Any CPU
		{2FAEDA21-1BDF-46CB-BE83-63DF1EA5C006}.Release|Any CPU.Build.0 = Release|Any CPU
		{0987B729-9E4E-4114-9C96-E4B0C45D214E}.Debug|Any CPU.ActiveCfg = Debug|Any CPU
		{0987B729-9E4E-4114-9C96-E4B0C45D214E}.Debug|Any CPU.Build.0 = Debug|Any CPU
		{0987B729-9E4E-4114-9C96-E4B0C45D214E}.Release|Any CPU.ActiveCfg = Release|Any CPU
		{0987B729-9E4E-4114-9C96-E4B0C45D214E}.Release|Any CPU.Build.0 = Release|Any CPU
		{87A5CE94-E14F-43D8-953E-EC6DD39A5239}.Debug|Any CPU.ActiveCfg = Debug|Any CPU
		{87A5CE94-E14F-43D8-953E-EC6DD39A5239}.Debug|Any CPU.Build.0 = Debug|Any CPU
		{87A5CE94-E14F-43D8-953E-EC6DD39A5239}.Release|Any CPU.ActiveCfg = Release|Any CPU
		{87A5CE94-E14F-43D8-953E-EC6DD39A5239}.Release|Any CPU.Build.0 = Release|Any CPU
		{736AA664-17F6-4DB2-836F-07AA0DB047A0}.Debug|Any CPU.ActiveCfg = Debug|Any CPU
		{736AA664-17F6-4DB2-836F-07AA0DB047A0}.Debug|Any CPU.Build.0 = Debug|Any CPU
		{736AA664-17F6-4DB2-836F-07AA0DB047A0}.Release|Any CPU.ActiveCfg = Release|Any CPU
		{736AA664-17F6-4DB2-836F-07AA0DB047A0}.Release|Any CPU.Build.0 = Release|Any CPU
		{07BB8938-C345-4F8A-A7CD-97F270FAF0A0}.Debug|Any CPU.ActiveCfg = Debug|Any CPU
		{07BB8938-C345-4F8A-A7CD-97F270FAF0A0}.Debug|Any CPU.Build.0 = Debug|Any CPU
		{07BB8938-C345-4F8A-A7CD-97F270FAF0A0}.Release|Any CPU.ActiveCfg = Release|Any CPU
		{07BB8938-C345-4F8A-A7CD-97F270FAF0A0}.Release|Any CPU.Build.0 = Release|Any CPU
	EndGlobalSection
	GlobalSection(SolutionProperties) = preSolution
		HideSolutionNode = FALSE
	EndGlobalSection
EndGlobal
