
Microsoft Visual Studio Solution File, Format Version 12.00
# Visual Studio 2013
VisualStudioVersion = 12.0.21005.1
MinimumVisualStudioVersion = 10.0.40219.1
Project("{FAE04EC0-301F-11D3-BF4B-00C04F79EFBC}") = "Exercise2", "Exercise2\Exercise2.csproj", "{45A6B36F-2434-4A09-BEF2-28B756AD6E6E}"
EndProject
Project("{FAE04EC0-301F-11D3-BF4B-00C04F79EFBC}") = "Spo12h.Progr2.Sessions.Jonathan", "Spo12h.Progr2.Sessions.Jonathan\Spo12h.Progr2.Sessions.Jonathan.csproj", "{A40A0EC2-B886-44C1-9DA0-AD0DDC397332}"
EndProject
Project("{FAE04EC0-301F-11D3-BF4B-00C04F79EFBC}") = "Spo12h.Progr2.Exercise1.Jontathan", "Spo12h.Progr2.Exercise1.Jontathan\Spo12h.Progr2.Exercise1.Jontathan.csproj", "{27CA8E4C-1B4C-4A37-82EB-350016AF79EB}"
EndProject
Project("{FAE04EC0-301F-11D3-BF4B-00C04F79EFBC}") = "Spo12h.Progr2.Sessions.Jonathan2", "Spo12h.Progr2.Sessions.Jonathan2\Spo12h.Progr2.Sessions.Jonathan2.csproj", "{F46C70B5-8363-418F-98EF-E49AA17101B1}"
EndProject
Project("{FAE04EC0-301F-11D3-BF4B-00C04F79EFBC}") = "Spo12h.Progr2.Exercise2.Jonathan", "Spo12h.Progr2.Exercise2.Jonathan\Spo12h.Progr2.Exercise2.Jonathan.csproj", "{721EFBDE-EB11-44F1-8B16-3BE9C5FC5E2D}"
EndProject
Project("{FAE04EC0-301F-11D3-BF4B-00C04F79EFBC}") = "Spo12h.Progr2.Exercises.Documents", "Spo12h.Progr2.Exercises.Documents\Spo12h.Progr2.Exercises.Documents.csproj", "{5A9F9A70-6262-49DF-BB0C-D20A72BEC236}"
EndProject
Project("{FAE04EC0-301F-11D3-BF4B-00C04F79EFBC}") = "Spo12h.Progr2.Exercise3A", "Spo12h.Progr2.Exercise3A\Spo12h.Progr2.Exercise3A.csproj", "{AD0539A2-5B72-4679-BC29-A72574EA8315}"
EndProject
Project("{FAE04EC0-301F-11D3-BF4B-00C04F79EFBC}") = "Spo12h.Progr2.Exercise5", "Spo12h.Progr2.Exercise5\Spo12h.Progr2.Exercise5.csproj", "{5BBC4DF1-6F28-4D5C-BA90-9653A4586524}"
EndProject
Global
	GlobalSection(SolutionConfigurationPlatforms) = preSolution
		Debug|Any CPU = Debug|Any CPU
		Release|Any CPU = Release|Any CPU
	EndGlobalSection
	GlobalSection(ProjectConfigurationPlatforms) = postSolution
		{45A6B36F-2434-4A09-BEF2-28B756AD6E6E}.Debug|Any CPU.ActiveCfg = Debug|Any CPU
		{45A6B36F-2434-4A09-BEF2-28B756AD6E6E}.Debug|Any CPU.Build.0 = Debug|Any CPU
		{45A6B36F-2434-4A09-BEF2-28B756AD6E6E}.Release|Any CPU.ActiveCfg = Release|Any CPU
		{45A6B36F-2434-4A09-BEF2-28B756AD6E6E}.Release|Any CPU.Build.0 = Release|Any CPU
		{A40A0EC2-B886-44C1-9DA0-AD0DDC397332}.Debug|Any CPU.ActiveCfg = Debug|Any CPU
		{A40A0EC2-B886-44C1-9DA0-AD0DDC397332}.Debug|Any CPU.Build.0 = Debug|Any CPU
		{A40A0EC2-B886-44C1-9DA0-AD0DDC397332}.Release|Any CPU.ActiveCfg = Release|Any CPU
		{A40A0EC2-B886-44C1-9DA0-AD0DDC397332}.Release|Any CPU.Build.0 = Release|Any CPU
		{27CA8E4C-1B4C-4A37-82EB-350016AF79EB}.Debug|Any CPU.ActiveCfg = Debug|Any CPU
		{27CA8E4C-1B4C-4A37-82EB-350016AF79EB}.Debug|Any CPU.Build.0 = Debug|Any CPU
		{27CA8E4C-1B4C-4A37-82EB-350016AF79EB}.Release|Any CPU.ActiveCfg = Release|Any CPU
		{27CA8E4C-1B4C-4A37-82EB-350016AF79EB}.Release|Any CPU.Build.0 = Release|Any CPU
		{F46C70B5-8363-418F-98EF-E49AA17101B1}.Debug|Any CPU.ActiveCfg = Debug|Any CPU
		{F46C70B5-8363-418F-98EF-E49AA17101B1}.Debug|Any CPU.Build.0 = Debug|Any CPU
		{F46C70B5-8363-418F-98EF-E49AA17101B1}.Release|Any CPU.ActiveCfg = Release|Any CPU
		{F46C70B5-8363-418F-98EF-E49AA17101B1}.Release|Any CPU.Build.0 = Release|Any CPU
		{721EFBDE-EB11-44F1-8B16-3BE9C5FC5E2D}.Debug|Any CPU.ActiveCfg = Debug|Any CPU
		{721EFBDE-EB11-44F1-8B16-3BE9C5FC5E2D}.Debug|Any CPU.Build.0 = Debug|Any CPU
		{721EFBDE-EB11-44F1-8B16-3BE9C5FC5E2D}.Release|Any CPU.ActiveCfg = Release|Any CPU
		{721EFBDE-EB11-44F1-8B16-3BE9C5FC5E2D}.Release|Any CPU.Build.0 = Release|Any CPU
		{5A9F9A70-6262-49DF-BB0C-D20A72BEC236}.Debug|Any CPU.ActiveCfg = Debug|Any CPU
		{5A9F9A70-6262-49DF-BB0C-D20A72BEC236}.Debug|Any CPU.Build.0 = Debug|Any CPU
		{5A9F9A70-6262-49DF-BB0C-D20A72BEC236}.Release|Any CPU.ActiveCfg = Release|Any CPU
		{5A9F9A70-6262-49DF-BB0C-D20A72BEC236}.Release|Any CPU.Build.0 = Release|Any CPU
		{AD0539A2-5B72-4679-BC29-A72574EA8315}.Debug|Any CPU.ActiveCfg = Debug|Any CPU
		{AD0539A2-5B72-4679-BC29-A72574EA8315}.Debug|Any CPU.Build.0 = Debug|Any CPU
		{AD0539A2-5B72-4679-BC29-A72574EA8315}.Release|Any CPU.ActiveCfg = Release|Any CPU
		{AD0539A2-5B72-4679-BC29-A72574EA8315}.Release|Any CPU.Build.0 = Release|Any CPU
		{5BBC4DF1-6F28-4D5C-BA90-9653A4586524}.Debug|Any CPU.ActiveCfg = Debug|Any CPU
		{5BBC4DF1-6F28-4D5C-BA90-9653A4586524}.Debug|Any CPU.Build.0 = Debug|Any CPU
		{5BBC4DF1-6F28-4D5C-BA90-9653A4586524}.Release|Any CPU.ActiveCfg = Release|Any CPU
		{5BBC4DF1-6F28-4D5C-BA90-9653A4586524}.Release|Any CPU.Build.0 = Release|Any CPU
	EndGlobalSection
	GlobalSection(SolutionProperties) = preSolution
		HideSolutionNode = FALSE
	EndGlobalSection
EndGlobal
